
Microsoft Visual Studio Solution File, Format Version 12.00
# Visual Studio Version 17
VisualStudioVersion = 17.6.33829.357
MinimumVisualStudioVersion = 10.0.40219.1
Project("{FAE04EC0-301F-11D3-BF4B-00C04F79EFBC}") = "SignalRSample", "SignalRSample\SignalRSample.csproj", "{286E7B54-DB76-4BF9-93EF-079BDB79CA5E}"
EndProject
Global
	GlobalSection(SolutionConfigurationPlatforms) = preSolution
		Debug|Any CPU = Debug|Any CPU
		Release|Any CPU = Release|Any CPU
	EndGlobalSection
	GlobalSection(ProjectConfigurationPlatforms) = postSolution
		{286E7B54-DB76-4BF9-93EF-079BDB79CA5E}.Debug|Any CPU.ActiveCfg = Debug|Any CPU
		{286E7B54-DB76-4BF9-93EF-079BDB79CA5E}.Debug|Any CPU.Build.0 = Debug|Any CPU
		{286E7B54-DB76-4BF9-93EF-079BDB79CA5E}.Release|Any CPU.ActiveCfg = Release|Any CPU
		{286E7B54-DB76-4BF9-93EF-079BDB79CA5E}.Release|Any CPU.Build.0 = Release|Any CPU
	EndGlobalSection
	GlobalSection(SolutionProperties) = preSolution
		HideSolutionNode = FALSE
	EndGlobalSection
	GlobalSection(ExtensibilityGlobals) = postSolution
		SolutionGuid = {0A653FF5-0EDA-4CE5-A001-D92D7C5CE01D}
	EndGlobalSection
EndGlobal
